
Microsoft Visual Studio Solution File, Format Version 12.00
# Visual Studio Version 16
VisualStudioVersion = 16.0.30804.86
MinimumVisualStudioVersion = 10.0.40219.1
Project("{9A19103F-16F7-4668-BE54-9A1E7A4F7556}") = "TopLevelCalls", "TopLevelCalls\TopLevelCalls.csproj", "{F959719B-1477-4745-ABE0-7E893551FDE3}"
EndProject
Project("{9A19103F-16F7-4668-BE54-9A1E7A4F7556}") = "InitSetters", "InitSetters\InitSetters.csproj", "{AAA611DC-06B4-4BF6-A475-79E136E381E5}"
EndProject
Project("{FAE04EC0-301F-11D3-BF4B-00C04F79EFBC}") = "ShorthandClassInitialization", "ShorthandClassInitialization\ShorthandClassInitialization.csproj", "{EF6A56E9-166C-4994-9D2C-015A81A7EF76}"
EndProject
Global
	GlobalSection(SolutionConfigurationPlatforms) = preSolution
		Debug|Any CPU = Debug|Any CPU
		Release|Any CPU = Release|Any CPU
	EndGlobalSection
	GlobalSection(ProjectConfigurationPlatforms) = postSolution
		{F959719B-1477-4745-ABE0-7E893551FDE3}.Debug|Any CPU.ActiveCfg = Debug|Any CPU
		{F959719B-1477-4745-ABE0-7E893551FDE3}.Debug|Any CPU.Build.0 = Debug|Any CPU
		{F959719B-1477-4745-ABE0-7E893551FDE3}.Release|Any CPU.ActiveCfg = Release|Any CPU
		{F959719B-1477-4745-ABE0-7E893551FDE3}.Release|Any CPU.Build.0 = Release|Any CPU
		{AAA611DC-06B4-4BF6-A475-79E136E381E5}.Debug|Any CPU.ActiveCfg = Debug|Any CPU
		{AAA611DC-06B4-4BF6-A475-79E136E381E5}.Debug|Any CPU.Build.0 = Debug|Any CPU
		{AAA611DC-06B4-4BF6-A475-79E136E381E5}.Release|Any CPU.ActiveCfg = Release|Any CPU
		{AAA611DC-06B4-4BF6-A475-79E136E381E5}.Release|Any CPU.Build.0 = Release|Any CPU
		{EF6A56E9-166C-4994-9D2C-015A81A7EF76}.Debug|Any CPU.ActiveCfg = Debug|Any CPU
		{EF6A56E9-166C-4994-9D2C-015A81A7EF76}.Debug|Any CPU.Build.0 = Debug|Any CPU
		{EF6A56E9-166C-4994-9D2C-015A81A7EF76}.Release|Any CPU.ActiveCfg = Release|Any CPU
		{EF6A56E9-166C-4994-9D2C-015A81A7EF76}.Release|Any CPU.Build.0 = Release|Any CPU
	EndGlobalSection
	GlobalSection(SolutionProperties) = preSolution
		HideSolutionNode = FALSE
	EndGlobalSection
	GlobalSection(ExtensibilityGlobals) = postSolution
		SolutionGuid = {1EF84510-9808-4512-A547-D8EF2957FA08}
	EndGlobalSection
EndGlobal
